// !$*UTF8*$!
{
	archiveVersion = 1;
	classes = {
	};
	objectVersion = 46;
	objects = {

/* Begin PBXBuildFile section */
		360CD9BD1A19FDF6003E9F5C /* res in Resources */ = {isa = PBXBuildFile; fileRef = 360CD9BC1A19FDF6003E9F5C /* res */; };
		363583221A11BFF800455313 /* simdmath.cpp in Sources */ = {isa = PBXBuildFile; fileRef = 363583201A11BFF800455313 /* simdmath.cpp */; };
		363583241A11EEB200455313 /* Metal.framework in Frameworks */ = {isa = PBXBuildFile; fileRef = 363583231A11EEB200455313 /* Metal.framework */; };
		363583261A11EEBC00455313 /* QuartzCore.framework in Frameworks */ = {isa = PBXBuildFile; fileRef = 363583251A11EEBC00455313 /* QuartzCore.framework */; };
		3635832A1A1208F200455313 /* Transform.cpp in Sources */ = {isa = PBXBuildFile; fileRef = 363583281A1208F200455313 /* Transform.cpp */; };
		36B3755D1A09BA6E00982BCB /* main.m in Sources */ = {isa = PBXBuildFile; fileRef = 36B3755C1A09BA6E00982BCB /* main.m */; };
		36B375601A09BA6E00982BCB /* AppDelegate.mm in Sources */ = {isa = PBXBuildFile; fileRef = 36B3755F1A09BA6E00982BCB /* AppDelegate.mm */; };
		36B375631A09BA6E00982BCB /* MetalViewController.mm in Sources */ = {isa = PBXBuildFile; fileRef = 36B375621A09BA6E00982BCB /* MetalViewController.mm */; };
		36B375661A09BA6E00982BCB /* Main.storyboard in Resources */ = {isa = PBXBuildFile; fileRef = 36B375641A09BA6E00982BCB /* Main.storyboard */; };
		36B375681A09BA6E00982BCB /* Images.xcassets in Resources */ = {isa = PBXBuildFile; fileRef = 36B375671A09BA6E00982BCB /* Images.xcassets */; };
		36B3756B1A09BA6E00982BCB /* LaunchScreen.xib in Resources */ = {isa = PBXBuildFile; fileRef = 36B375691A09BA6E00982BCB /* LaunchScreen.xib */; };
		36B375771A09BA6E00982BCB /* MetalFrameworkTests.m in Sources */ = {isa = PBXBuildFile; fileRef = 36B375761A09BA6E00982BCB /* MetalFrameworkTests.m */; };
		36CB79771A2D746100B3AECE /* Device.m in Sources */ = {isa = PBXBuildFile; fileRef = 36CB79761A2D746100B3AECE /* Device.m */; };
		36CB797A1A2D792400B3AECE /* Effect.m in Sources */ = {isa = PBXBuildFile; fileRef = 36CB79791A2D792400B3AECE /* Effect.m */; };
		36CED6E51A19CE64004BF704 /* GameObject.mm in Sources */ = {isa = PBXBuildFile; fileRef = 36CED6E41A19CE64004BF704 /* GameObject.mm */; };
		36CED6EB1A19DCFA004BF704 /* Model.mm in Sources */ = {isa = PBXBuildFile; fileRef = 36CED6EA1A19DCFA004BF704 /* Model.mm */; };
		36F585221A09D37E00D32B38 /* RedTriangle.metal in Sources */ = {isa = PBXBuildFile; fileRef = 36F585211A09D37E00D32B38 /* RedTriangle.metal */; };
/* End PBXBuildFile section */

/* Begin PBXContainerItemProxy section */
		36B375711A09BA6E00982BCB /* PBXContainerItemProxy */ = {
			isa = PBXContainerItemProxy;
			containerPortal = 36B3754F1A09BA6E00982BCB /* Project object */;
			proxyType = 1;
			remoteGlobalIDString = 36B375561A09BA6E00982BCB;
			remoteInfo = MetalFramework;
		};
/* End PBXContainerItemProxy section */

/* Begin PBXFileReference section */
		360CD9BC1A19FDF6003E9F5C /* res */ = {isa = PBXFileReference; lastKnownFileType = folder; path = res; sourceTree = "<group>"; };
		3635831F1A11B17000455313 /* BufferIndex.h */ = {isa = PBXFileReference; lastKnownFileType = sourcecode.c.h; path = BufferIndex.h; sourceTree = "<group>"; };
		363583201A11BFF800455313 /* simdmath.cpp */ = {isa = PBXFileReference; fileEncoding = 4; lastKnownFileType = sourcecode.cpp.cpp; name = simdmath.cpp; path = math/simdmath.cpp; sourceTree = "<group>"; };
		363583211A11BFF800455313 /* simdmath.h */ = {isa = PBXFileReference; fileEncoding = 4; lastKnownFileType = sourcecode.c.h; name = simdmath.h; path = math/simdmath.h; sourceTree = "<group>"; };
		363583231A11EEB200455313 /* Metal.framework */ = {isa = PBXFileReference; lastKnownFileType = wrapper.framework; name = Metal.framework; path = System/Library/Frameworks/Metal.framework; sourceTree = SDKROOT; };
		363583251A11EEBC00455313 /* QuartzCore.framework */ = {isa = PBXFileReference; lastKnownFileType = wrapper.framework; name = QuartzCore.framework; path = System/Library/Frameworks/QuartzCore.framework; sourceTree = SDKROOT; };
		363583271A12021500455313 /* Common.h */ = {isa = PBXFileReference; lastKnownFileType = sourcecode.c.h; path = Common.h; sourceTree = "<group>"; };
		363583281A1208F200455313 /* Transform.cpp */ = {isa = PBXFileReference; fileEncoding = 4; lastKnownFileType = sourcecode.cpp.cpp; path = Transform.cpp; sourceTree = "<group>"; };
		363583291A1208F200455313 /* Transform.h */ = {isa = PBXFileReference; fileEncoding = 4; lastKnownFileType = sourcecode.c.h; path = Transform.h; sourceTree = "<group>"; };
		36B375571A09BA6E00982BCB /* MetalFramework.app */ = {isa = PBXFileReference; explicitFileType = wrapper.application; includeInIndex = 0; path = MetalFramework.app; sourceTree = BUILT_PRODUCTS_DIR; };
		36B3755B1A09BA6E00982BCB /* Info.plist */ = {isa = PBXFileReference; lastKnownFileType = text.plist.xml; path = Info.plist; sourceTree = "<group>"; };
		36B3755C1A09BA6E00982BCB /* main.m */ = {isa = PBXFileReference; lastKnownFileType = sourcecode.c.objc; path = main.m; sourceTree = "<group>"; };
		36B3755E1A09BA6E00982BCB /* AppDelegate.h */ = {isa = PBXFileReference; lastKnownFileType = sourcecode.c.h; path = AppDelegate.h; sourceTree = "<group>"; };
		36B3755F1A09BA6E00982BCB /* AppDelegate.mm */ = {isa = PBXFileReference; lastKnownFileType = sourcecode.cpp.objcpp; path = AppDelegate.mm; sourceTree = "<group>"; };
		36B375611A09BA6E00982BCB /* MetalViewController.h */ = {isa = PBXFileReference; lastKnownFileType = sourcecode.c.h; path = MetalViewController.h; sourceTree = "<group>"; };
		36B375621A09BA6E00982BCB /* MetalViewController.mm */ = {isa = PBXFileReference; lastKnownFileType = sourcecode.cpp.objcpp; path = MetalViewController.mm; sourceTree = "<group>"; };
		36B375651A09BA6E00982BCB /* Base */ = {isa = PBXFileReference; lastKnownFileType = file.storyboard; name = Base; path = Base.lproj/Main.storyboard; sourceTree = "<group>"; };
		36B375671A09BA6E00982BCB /* Images.xcassets */ = {isa = PBXFileReference; lastKnownFileType = folder.assetcatalog; path = Images.xcassets; sourceTree = "<group>"; };
		36B3756A1A09BA6E00982BCB /* Base */ = {isa = PBXFileReference; lastKnownFileType = file.xib; name = Base; path = Base.lproj/LaunchScreen.xib; sourceTree = "<group>"; };
		36B375701A09BA6E00982BCB /* MetalFrameworkTests.xctest */ = {isa = PBXFileReference; explicitFileType = wrapper.cfbundle; includeInIndex = 0; path = MetalFrameworkTests.xctest; sourceTree = BUILT_PRODUCTS_DIR; };
		36B375751A09BA6E00982BCB /* Info.plist */ = {isa = PBXFileReference; lastKnownFileType = text.plist.xml; path = Info.plist; sourceTree = "<group>"; };
		36B375761A09BA6E00982BCB /* MetalFrameworkTests.m */ = {isa = PBXFileReference; lastKnownFileType = sourcecode.c.objc; path = MetalFrameworkTests.m; sourceTree = "<group>"; };
		36CB79751A2D746100B3AECE /* Device.h */ = {isa = PBXFileReference; fileEncoding = 4; lastKnownFileType = sourcecode.c.h; path = Device.h; sourceTree = "<group>"; };
		36CB79761A2D746100B3AECE /* Device.m */ = {isa = PBXFileReference; fileEncoding = 4; lastKnownFileType = sourcecode.c.objc; path = Device.m; sourceTree = "<group>"; };
		36CB79781A2D792400B3AECE /* Effect.h */ = {isa = PBXFileReference; fileEncoding = 4; lastKnownFileType = sourcecode.c.h; path = Effect.h; sourceTree = "<group>"; };
		36CB79791A2D792400B3AECE /* Effect.m */ = {isa = PBXFileReference; fileEncoding = 4; lastKnownFileType = sourcecode.c.objc; path = Effect.m; sourceTree = "<group>"; };
		36CED6E31A19CE64004BF704 /* GameObject.h */ = {isa = PBXFileReference; fileEncoding = 4; lastKnownFileType = sourcecode.c.h; path = GameObject.h; sourceTree = "<group>"; };
		36CED6E41A19CE64004BF704 /* GameObject.mm */ = {isa = PBXFileReference; fileEncoding = 4; lastKnownFileType = sourcecode.cpp.objcpp; path = GameObject.mm; sourceTree = "<group>"; };
		36CED6E91A19DCFA004BF704 /* Model.h */ = {isa = PBXFileReference; fileEncoding = 4; lastKnownFileType = sourcecode.c.h; path = Model.h; sourceTree = "<group>"; };
		36CED6EA1A19DCFA004BF704 /* Model.mm */ = {isa = PBXFileReference; fileEncoding = 4; lastKnownFileType = sourcecode.cpp.objcpp; path = Model.mm; sourceTree = "<group>"; };
		36F585211A09D37E00D32B38 /* RedTriangle.metal */ = {isa = PBXFileReference; fileEncoding = 4; lastKnownFileType = sourcecode.metal; path = RedTriangle.metal; sourceTree = "<group>"; };
/* End PBXFileReference section */

/* Begin PBXFrameworksBuildPhase section */
		36B375541A09BA6E00982BCB /* Frameworks */ = {
			isa = PBXFrameworksBuildPhase;
			buildActionMask = 2147483647;
			files = (
				363583261A11EEBC00455313 /* QuartzCore.framework in Frameworks */,
				363583241A11EEB200455313 /* Metal.framework in Frameworks */,
			);
			runOnlyForDeploymentPostprocessing = 0;
		};
		36B3756D1A09BA6E00982BCB /* Frameworks */ = {
			isa = PBXFrameworksBuildPhase;
			buildActionMask = 2147483647;
			files = (
			);
			runOnlyForDeploymentPostprocessing = 0;
		};
/* End PBXFrameworksBuildPhase section */

/* Begin PBXGroup section */
		3635832B1A120EC200455313 /* Game */ = {
			isa = PBXGroup;
			children = (
				360CD9BC1A19FDF6003E9F5C /* res */,
				36CED6E31A19CE64004BF704 /* GameObject.h */,
				36CED6E41A19CE64004BF704 /* GameObject.mm */,
				36CED6E91A19DCFA004BF704 /* Model.h */,
				36CED6EA1A19DCFA004BF704 /* Model.mm */,
				36CB79751A2D746100B3AECE /* Device.h */,
				36CB79761A2D746100B3AECE /* Device.m */,
				36CB79781A2D792400B3AECE /* Effect.h */,
				36CB79791A2D792400B3AECE /* Effect.m */,
			);
			name = Game;
			sourceTree = "<group>";
		};
		36B3754E1A09BA6E00982BCB = {
			isa = PBXGroup;
			children = (
				36B375591A09BA6E00982BCB /* MetalFramework */,
				36B375731A09BA6E00982BCB /* MetalFrameworkTests */,
				36B375581A09BA6E00982BCB /* Products */,
				363583251A11EEBC00455313 /* QuartzCore.framework */,
				363583231A11EEB200455313 /* Metal.framework */,
			);
			sourceTree = "<group>";
		};
		36B375581A09BA6E00982BCB /* Products */ = {
			isa = PBXGroup;
			children = (
				36B375571A09BA6E00982BCB /* MetalFramework.app */,
				36B375701A09BA6E00982BCB /* MetalFrameworkTests.xctest */,
			);
			name = Products;
			sourceTree = "<group>";
		};
		36B375591A09BA6E00982BCB /* MetalFramework */ = {
			isa = PBXGroup;
			children = (
				3635832B1A120EC200455313 /* Game */,
				36F585201A09D36D00D32B38 /* Shaders */,
				36B3755E1A09BA6E00982BCB /* AppDelegate.h */,
				36B3755F1A09BA6E00982BCB /* AppDelegate.mm */,
				36B375611A09BA6E00982BCB /* MetalViewController.h */,
				36B375621A09BA6E00982BCB /* MetalViewController.mm */,
				36B375641A09BA6E00982BCB /* Main.storyboard */,
				36B375671A09BA6E00982BCB /* Images.xcassets */,
				36B375691A09BA6E00982BCB /* LaunchScreen.xib */,
				36B3755A1A09BA6E00982BCB /* Supporting Files */,
				3635831F1A11B17000455313 /* BufferIndex.h */,
				363583211A11BFF800455313 /* simdmath.h */,
				363583201A11BFF800455313 /* simdmath.cpp */,
			);
			path = MetalFramework;
			sourceTree = "<group>";
		};
		36B3755A1A09BA6E00982BCB /* Supporting Files */ = {
			isa = PBXGroup;
			children = (
				36B3755B1A09BA6E00982BCB /* Info.plist */,
				36B3755C1A09BA6E00982BCB /* main.m */,
			);
			name = "Supporting Files";
			sourceTree = "<group>";
		};
		36B375731A09BA6E00982BCB /* MetalFrameworkTests */ = {
			isa = PBXGroup;
			children = (
				36B375761A09BA6E00982BCB /* MetalFrameworkTests.m */,
				36B375741A09BA6E00982BCB /* Supporting Files */,
			);
			path = MetalFrameworkTests;
			sourceTree = "<group>";
		};
		36B375741A09BA6E00982BCB /* Supporting Files */ = {
			isa = PBXGroup;
			children = (
				36B375751A09BA6E00982BCB /* Info.plist */,
			);
			name = "Supporting Files";
			sourceTree = "<group>";
		};
		36F585201A09D36D00D32B38 /* Shaders */ = {
			isa = PBXGroup;
			children = (
				36F585211A09D37E00D32B38 /* RedTriangle.metal */,
				363583271A12021500455313 /* Common.h */,
				363583281A1208F200455313 /* Transform.cpp */,
				363583291A1208F200455313 /* Transform.h */,
			);
			name = Shaders;
			sourceTree = "<group>";
		};
/* End PBXGroup section */

/* Begin PBXNativeTarget section */
		36B375561A09BA6E00982BCB /* MetalFramework */ = {
			isa = PBXNativeTarget;
			buildConfigurationList = 36B3757A1A09BA6E00982BCB /* Build configuration list for PBXNativeTarget "MetalFramework" */;
			buildPhases = (
				36B375531A09BA6E00982BCB /* Sources */,
				36B375541A09BA6E00982BCB /* Frameworks */,
				36B375551A09BA6E00982BCB /* Resources */,
			);
			buildRules = (
			);
			dependencies = (
			);
			name = MetalFramework;
			productName = MetalFramework;
			productReference = 36B375571A09BA6E00982BCB /* MetalFramework.app */;
			productType = "com.apple.product-type.application";
		};
		36B3756F1A09BA6E00982BCB /* MetalFrameworkTests */ = {
			isa = PBXNativeTarget;
			buildConfigurationList = 36B3757D1A09BA6E00982BCB /* Build configuration list for PBXNativeTarget "MetalFrameworkTests" */;
			buildPhases = (
				36B3756C1A09BA6E00982BCB /* Sources */,
				36B3756D1A09BA6E00982BCB /* Frameworks */,
				36B3756E1A09BA6E00982BCB /* Resources */,
			);
			buildRules = (
			);
			dependencies = (
				36B375721A09BA6E00982BCB /* PBXTargetDependency */,
			);
			name = MetalFrameworkTests;
			productName = MetalFrameworkTests;
			productReference = 36B375701A09BA6E00982BCB /* MetalFrameworkTests.xctest */;
			productType = "com.apple.product-type.bundle.unit-test";
		};
/* End PBXNativeTarget section */

/* Begin PBXProject section */
		36B3754F1A09BA6E00982BCB /* Project object */ = {
			isa = PBXProject;
			attributes = {
				LastUpgradeCheck = 0610;
				ORGANIZATIONNAME = "Tran Thien Khiem";
				TargetAttributes = {
					36B375561A09BA6E00982BCB = {
						CreatedOnToolsVersion = 6.1;
					};
					36B3756F1A09BA6E00982BCB = {
						CreatedOnToolsVersion = 6.1;
						TestTargetID = 36B375561A09BA6E00982BCB;
					};
				};
			};
			buildConfigurationList = 36B375521A09BA6E00982BCB /* Build configuration list for PBXProject "MetalFramework" */;
			compatibilityVersion = "Xcode 3.2";
			developmentRegion = English;
			hasScannedForEncodings = 0;
			knownRegions = (
				en,
				Base,
			);
			mainGroup = 36B3754E1A09BA6E00982BCB;
			productRefGroup = 36B375581A09BA6E00982BCB /* Products */;
			projectDirPath = "";
			projectRoot = "";
			targets = (
				36B375561A09BA6E00982BCB /* MetalFramework */,
				36B3756F1A09BA6E00982BCB /* MetalFrameworkTests */,
			);
		};
/* End PBXProject section */

/* Begin PBXResourcesBuildPhase section */
		36B375551A09BA6E00982BCB /* Resources */ = {
			isa = PBXResourcesBuildPhase;
			buildActionMask = 2147483647;
			files = (
				36B375661A09BA6E00982BCB /* Main.storyboard in Resources */,
				360CD9BD1A19FDF6003E9F5C /* res in Resources */,
				36B3756B1A09BA6E00982BCB /* LaunchScreen.xib in Resources */,
				36B375681A09BA6E00982BCB /* Images.xcassets in Resources */,
			);
			runOnlyForDeploymentPostprocessing = 0;
		};
		36B3756E1A09BA6E00982BCB /* Resources */ = {
			isa = PBXResourcesBuildPhase;
			buildActionMask = 2147483647;
			files = (
			);
			runOnlyForDeploymentPostprocessing = 0;
		};
/* End PBXResourcesBuildPhase section */

/* Begin PBXSourcesBuildPhase section */
		36B375531A09BA6E00982BCB /* Sources */ = {
			isa = PBXSourcesBuildPhase;
			buildActionMask = 2147483647;
			files = (
				3635832A1A1208F200455313 /* Transform.cpp in Sources */,
				36CED6E51A19CE64004BF704 /* GameObject.mm in Sources */,
				36B375631A09BA6E00982BCB /* MetalViewController.mm in Sources */,
				36CB79771A2D746100B3AECE /* Device.m in Sources */,
				36CB797A1A2D792400B3AECE /* Effect.m in Sources */,
				36CED6EB1A19DCFA004BF704 /* Model.mm in Sources */,
				36B375601A09BA6E00982BCB /* AppDelegate.mm in Sources */,
				36B3755D1A09BA6E00982BCB /* main.m in Sources */,
				36F585221A09D37E00D32B38 /* RedTriangle.metal in Sources */,
				363583221A11BFF800455313 /* simdmath.cpp in Sources */,
			);
			runOnlyForDeploymentPostprocessing = 0;
		};
		36B3756C1A09BA6E00982BCB /* Sources */ = {
			isa = PBXSourcesBuildPhase;
			buildActionMask = 2147483647;
			files = (
				36B375771A09BA6E00982BCB /* MetalFrameworkTests.m in Sources */,
			);
			runOnlyForDeploymentPostprocessing = 0;
		};
/* End PBXSourcesBuildPhase section */

/* Begin PBXTargetDependency section */
		36B375721A09BA6E00982BCB /* PBXTargetDependency */ = {
			isa = PBXTargetDependency;
			target = 36B375561A09BA6E00982BCB /* MetalFramework */;
			targetProxy = 36B375711A09BA6E00982BCB /* PBXContainerItemProxy */;
		};
/* End PBXTargetDependency section */

/* Begin PBXVariantGroup section */
		36B375641A09BA6E00982BCB /* Main.storyboard */ = {
			isa = PBXVariantGroup;
			children = (
				36B375651A09BA6E00982BCB /* Base */,
			);
			name = Main.storyboard;
			sourceTree = "<group>";
		};
		36B375691A09BA6E00982BCB /* LaunchScreen.xib */ = {
			isa = PBXVariantGroup;
			children = (
				36B3756A1A09BA6E00982BCB /* Base */,
			);
			name = LaunchScreen.xib;
			sourceTree = "<group>";
		};
/* End PBXVariantGroup section */

/* Begin XCBuildConfiguration section */
		36B375781A09BA6E00982BCB /* Debug */ = {
			isa = XCBuildConfiguration;
			buildSettings = {
				ALWAYS_SEARCH_USER_PATHS = NO;
				CLANG_CXX_LANGUAGE_STANDARD = "gnu++0x";
				CLANG_CXX_LIBRARY = "libc++";
				CLANG_ENABLE_MODULES = YES;
				CLANG_ENABLE_OBJC_ARC = YES;
				CLANG_WARN_BOOL_CONVERSION = YES;
				CLANG_WARN_CONSTANT_CONVERSION = YES;
				CLANG_WARN_DIRECT_OBJC_ISA_USAGE = YES_ERROR;
				CLANG_WARN_EMPTY_BODY = YES;
				CLANG_WARN_ENUM_CONVERSION = YES;
				CLANG_WARN_INT_CONVERSION = YES;
				CLANG_WARN_OBJC_ROOT_CLASS = YES_ERROR;
				CLANG_WARN_UNREACHABLE_CODE = YES;
				CLANG_WARN__DUPLICATE_METHOD_MATCH = YES;
				"CODE_SIGN_IDENTITY[sdk=iphoneos*]" = "iPhone Developer";
				COPY_PHASE_STRIP = NO;
				ENABLE_STRICT_OBJC_MSGSEND = YES;
				GCC_C_LANGUAGE_STANDARD = gnu99;
				GCC_DYNAMIC_NO_PIC = NO;
				GCC_OPTIMIZATION_LEVEL = 0;
				GCC_PREPROCESSOR_DEFINITIONS = (
					"DEBUG=1",
					"$(inherited)",
				);
				GCC_SYMBOLS_PRIVATE_EXTERN = NO;
				GCC_WARN_64_TO_32_BIT_CONVERSION = YES;
				GCC_WARN_ABOUT_RETURN_TYPE = YES_ERROR;
				GCC_WARN_UNDECLARED_SELECTOR = YES;
				GCC_WARN_UNINITIALIZED_AUTOS = YES_AGGRESSIVE;
				GCC_WARN_UNUSED_FUNCTION = YES;
				GCC_WARN_UNUSED_VARIABLE = YES;
				IPHONEOS_DEPLOYMENT_TARGET = 8.1;
				MTL_ENABLE_DEBUG_INFO = YES;
				ONLY_ACTIVE_ARCH = YES;
				SDKROOT = iphoneos;
				TARGETED_DEVICE_FAMILY = "1,2";
			};
			name = Debug;
		};
		36B375791A09BA6E00982BCB /* Release */ = {
			isa = XCBuildConfiguration;
			buildSettings = {
				ALWAYS_SEARCH_USER_PATHS = NO;
				CLANG_CXX_LANGUAGE_STANDARD = "gnu++0x";
				CLANG_CXX_LIBRARY = "libc++";
				CLANG_ENABLE_MODULES = YES;
				CLANG_ENABLE_OBJC_ARC = YES;
				CLANG_WARN_BOOL_CONVERSION = YES;
				CLANG_WARN_CONSTANT_CONVERSION = YES;
				CLANG_WARN_DIRECT_OBJC_ISA_USAGE = YES_ERROR;
				CLANG_WARN_EMPTY_BODY = YES;
				CLANG_WARN_ENUM_CONVERSION = YES;
				CLANG_WARN_INT_CONVERSION = YES;
				CLANG_WARN_OBJC_ROOT_CLASS = YES_ERROR;
				CLANG_WARN_UNREACHABLE_CODE = YES;
				CLANG_WARN__DUPLICATE_METHOD_MATCH = YES;
				"CODE_SIGN_IDENTITY[sdk=iphoneos*]" = "iPhone Developer";
				COPY_PHASE_STRIP = YES;
				ENABLE_NS_ASSERTIONS = NO;
				ENABLE_STRICT_OBJC_MSGSEND = YES;
				GCC_C_LANGUAGE_STANDARD = gnu99;
				GCC_WARN_64_TO_32_BIT_CONVERSION = YES;
				GCC_WARN_ABOUT_RETURN_TYPE = YES_ERROR;
				GCC_WARN_UNDECLARED_SELECTOR = YES;
				GCC_WARN_UNINITIALIZED_AUTOS = YES_AGGRESSIVE;
				GCC_WARN_UNUSED_FUNCTION = YES;
				GCC_WARN_UNUSED_VARIABLE = YES;
				IPHONEOS_DEPLOYMENT_TARGET = 8.1;
				MTL_ENABLE_DEBUG_INFO = NO;
				SDKROOT = iphoneos;
				TARGETED_DEVICE_FAMILY = "1,2";
				VALIDATE_PRODUCT = YES;
			};
			name = Release;
		};
		36B3757B1A09BA6E00982BCB /* Debug */ = {
			isa = XCBuildConfiguration;
			buildSettings = {
				ASSETCATALOG_COMPILER_APPICON_NAME = AppIcon;
				INFOPLIST_FILE = MetalFramework/Info.plist;
				LD_RUNPATH_SEARCH_PATHS = "$(inherited) @executable_path/Frameworks";
				PRODUCT_NAME = "$(TARGET_NAME)";
			};
			name = Debug;
		};
		36B3757C1A09BA6E00982BCB /* Release */ = {
			isa = XCBuildConfiguration;
			buildSettings = {
				ASSETCATALOG_COMPILER_APPICON_NAME = AppIcon;
				INFOPLIST_FILE = MetalFramework/Info.plist;
				LD_RUNPATH_SEARCH_PATHS = "$(inherited) @executable_path/Frameworks";
				PRODUCT_NAME = "$(TARGET_NAME)";
			};
			name = Release;
		};
		36B3757E1A09BA6E00982BCB /* Debug */ = {
			isa = XCBuildConfiguration;
			buildSettings = {
				BUNDLE_LOADER = "$(TEST_HOST)";
				FRAMEWORK_SEARCH_PATHS = (
					"$(SDKROOT)/Developer/Library/Frameworks",
					"$(inherited)",
				);
				GCC_PREPROCESSOR_DEFINITIONS = (
					"DEBUG=1",
					"$(inherited)",
				);
				INFOPLIST_FILE = MetalFrameworkTests/Info.plist;
				LD_RUNPATH_SEARCH_PATHS = "$(inherited) @executable_path/Frameworks @loader_path/Frameworks";
				PRODUCT_NAME = "$(TARGET_NAME)";
				TEST_HOST = "$(BUILT_PRODUCTS_DIR)/MetalFramework.app/MetalFramework";
			};
			name = Debug;
		};
		36B3757F1A09BA6E00982BCB /* Release */ = {
			isa = XCBuildConfiguration;
			buildSettings = {
				BUNDLE_LOADER = "$(TEST_HOST)";
				FRAMEWORK_SEARCH_PATHS = (
					"$(SDKROOT)/Developer/Library/Frameworks",
					"$(inherited)",
				);
				INFOPLIST_FILE = MetalFrameworkTests/Info.plist;
				LD_RUNPATH_SEARCH_PATHS = "$(inherited) @executable_path/Frameworks @loader_path/Frameworks";
				PRODUCT_NAME = "$(TARGET_NAME)";
				TEST_HOST = "$(BUILT_PRODUCTS_DIR)/MetalFramework.app/MetalFramework";
			};
			name = Release;
		};
/* End XCBuildConfiguration section */

/* Begin XCConfigurationList section */
		36B375521A09BA6E00982BCB /* Build configuration list for PBXProject "MetalFramework" */ = {
			isa = XCConfigurationList;
			buildConfigurations = (
				36B375781A09BA6E00982BCB /* Debug */,
				36B375791A09BA6E00982BCB /* Release */,
			);
			defaultConfigurationIsVisible = 0;
			defaultConfigurationName = Release;
		};
		36B3757A1A09BA6E00982BCB /* Build configuration list for PBXNativeTarget "MetalFramework" */ = {
			isa = XCConfigurationList;
			buildConfigurations = (
				36B3757B1A09BA6E00982BCB /* Debug */,
				36B3757C1A09BA6E00982BCB /* Release */,
			);
			defaultConfigurationIsVisible = 0;
			defaultConfigurationName = Release;
		};
		36B3757D1A09BA6E00982BCB /* Build configuration list for PBXNativeTarget "MetalFrameworkTests" */ = {
			isa = XCConfigurationList;
			buildConfigurations = (
				36B3757E1A09BA6E00982BCB /* Debug */,
				36B3757F1A09BA6E00982BCB /* Release */,
			);
			defaultConfigurationIsVisible = 0;
			defaultConfigurationName = Release;
		};
/* End XCConfigurationList section */
	};
	rootObject = 36B3754F1A09BA6E00982BCB /* Project object */;
}
